
Microsoft Visual Studio Solution File, Format Version 12.00
# Visual Studio 15
VisualStudioVersion = 15.0.28307.1585
MinimumVisualStudioVersion = 10.0.40219.1
Project("{8BC9CEB8-8B4A-11D0-8D11-00A0C91BC942}") = "LaLiLu_Assembler", "LaLiLu_Assembler.vcxproj", "{726509B1-74B7-48FD-9636-90C916C32642}"
EndProject
Project("{8BC9CEB8-8B4A-11D0-8D11-00A0C91BC942}") = "LaLiLu_Emulator", "LaLiLu_Emulator.vcxproj", "{A82D72D2-6909-4E04-98C0-4DCAE2113140}"
EndProject
Global
	GlobalSection(SolutionConfigurationPlatforms) = preSolution
		Debug|x64 = Debug|x64
		Debug|x86 = Debug|x86
		Release|x64 = Release|x64
		Release|x86 = Release|x86
	EndGlobalSection
	GlobalSection(ProjectConfigurationPlatforms) = postSolution
		{726509B1-74B7-48FD-9636-90C916C32642}.Debug|x64.ActiveCfg = Debug|x64
		{726509B1-74B7-48FD-9636-90C916C32642}.Debug|x64.Build.0 = Debug|x64
		{726509B1-74B7-48FD-9636-90C916C32642}.Debug|x86.ActiveCfg = Debug|Win32
		{726509B1-74B7-48FD-9636-90C916C32642}.Debug|x86.Build.0 = Debug|Win32
		{726509B1-74B7-48FD-9636-90C916C32642}.Release|x64.ActiveCfg = Release|x64
		{726509B1-74B7-48FD-9636-90C916C32642}.Release|x64.Build.0 = Release|x64
		{726509B1-74B7-48FD-9636-90C916C32642}.Release|x86.ActiveCfg = Release|Win32
		{726509B1-74B7-48FD-9636-90C916C32642}.Release|x86.Build.0 = Release|Win32
		{A82D72D2-6909-4E04-98C0-4DCAE2113140}.Debug|x64.ActiveCfg = Debug|x64
		{A82D72D2-6909-4E04-98C0-4DCAE2113140}.Debug|x64.Build.0 = Debug|x64
		{A82D72D2-6909-4E04-98C0-4DCAE2113140}.Debug|x86.ActiveCfg = Debug|Win32
		{A82D72D2-6909-4E04-98C0-4DCAE2113140}.Debug|x86.Build.0 = Debug|Win32
		{A82D72D2-6909-4E04-98C0-4DCAE2113140}.Release|x64.ActiveCfg = Release|x64
		{A82D72D2-6909-4E04-98C0-4DCAE2113140}.Release|x64.Build.0 = Release|x64
		{A82D72D2-6909-4E04-98C0-4DCAE2113140}.Release|x86.ActiveCfg = Release|Win32
		{A82D72D2-6909-4E04-98C0-4DCAE2113140}.Release|x86.Build.0 = Release|Win32
	EndGlobalSection
	GlobalSection(SolutionProperties) = preSolution
		HideSolutionNode = FALSE
	EndGlobalSection
	GlobalSection(ExtensibilityGlobals) = postSolution
		SolutionGuid = {B14F0259-9EFA-460E-BF44-F3DA146DAB87}
	EndGlobalSection
EndGlobal
